{
  "version": "5",
  "specifiers": {
    "npm:@supabase/supabase-js@2.86.0": "2.86.0",
    "npm:hono@4.6.14": "4.6.14",
    "npm:mcp-lite@0.8.2": "0.8.2",
    "npm:pino@10.1.0": "10.1.0",
    "npm:sanitize-html@2.17.0": "2.17.0",
    "npm:zod-to-json-schema@3": "3.25.0_zod@3.24.1",
    "npm:zod@3.24.1": "3.24.1"
  },
  "npm": {
    "@pinojs/redact@0.4.0": {
      "integrity": "sha512-k2ENnmBugE/rzQfEcdWHcCY+/FM3VLzH9cYEsbdsoqrvzAKRhUZeRNhAZvB8OitQJ1TBed3yqWtdjzS6wJKBwg=="
    },
    "@standard-schema/spec@1.0.0": {
      "integrity": "sha512-m2bOd0f2RT9k8QJx1JN85cZYyH1RqFBdlwtkSlf4tBDYLCiiZnv1fIIwacK6cqwXavOydf0NPToMQgpKq+dVlA=="
    },
    "@supabase/auth-js@2.86.0": {
      "integrity": "sha512-3xPqMvBWC6Haqpr6hEWmSUqDq+6SA1BAEdbiaHdAZM9QjZ5uiQJ+6iD9pZOzOa6MVXZh4GmwjhC9ObIG0K1NcA==",
      "dependencies": [
        "tslib"
      ]
    },
    "@supabase/functions-js@2.86.0": {
      "integrity": "sha512-AlOoVfeaq9XGlBFIyXTmb+y+CZzxNO4wWbfgRM6iPpNU5WCXKawtQYSnhivi3UVxS7GA0rWovY4d6cIAxZAojA==",
      "dependencies": [
        "tslib"
      ]
    },
    "@supabase/postgrest-js@2.86.0": {
      "integrity": "sha512-QVf+wIXILcZJ7IhWhWn+ozdf8B+oO0Ulizh2AAPxD/6nQL+x3r9lJ47a+fpc/jvAOGXMbkeW534Kw6jz7e8iIA==",
      "dependencies": [
        "tslib"
      ]
    },
    "@supabase/realtime-js@2.86.0": {
      "integrity": "sha512-dyS8bFoP29R/sj5zLi0AP3JfgG8ar1nuImcz5jxSx7UIW7fbFsXhUCVrSY2Ofo0+Ev6wiATiSdBOzBfWaiFyPA==",
      "dependencies": [
        "@types/phoenix",
        "@types/ws",
        "tslib",
        "ws"
      ]
    },
    "@supabase/storage-js@2.86.0": {
      "integrity": "sha512-PM47jX/Mfobdtx7NNpoj9EvlrkapAVTQBZgGGslEXD6NS70EcGjhgRPBItwHdxZPM5GwqQ0cGMN06uhjeY2mHQ==",
      "dependencies": [
        "iceberg-js",
        "tslib"
      ]
    },
    "@supabase/supabase-js@2.86.0": {
      "integrity": "sha512-BaC9sv5+HGNy1ulZwY8/Ev7EjfYYmWD4fOMw9bDBqTawEj6JHAiOHeTwXLRzVaeSay4p17xYLN2NSCoGgXMQnw==",
      "dependencies": [
        "@supabase/auth-js",
        "@supabase/functions-js",
        "@supabase/postgrest-js",
        "@supabase/realtime-js",
        "@supabase/storage-js"
      ]
    },
    "@types/node@24.2.0": {
      "integrity": "sha512-3xyG3pMCq3oYCNg7/ZP+E1ooTaGB4cG8JWRsqqOYQdbWNY4zbaV0Ennrd7stjiJEFZCaybcIgpTjJWHRfBSIDw==",
      "dependencies": [
        "undici-types"
      ]
    },
    "@types/phoenix@1.6.6": {
      "integrity": "sha512-PIzZZlEppgrpoT2QgbnDU+MMzuR6BbCjllj0bM70lWoejMeNJAxCchxnv7J3XFkI8MpygtRpzXrIlmWUBclP5A=="
    },
    "@types/ws@8.18.1": {
      "integrity": "sha512-ThVF6DCVhA8kUGy+aazFQ4kXQ7E1Ty7A3ypFOe0IcJV8O/M511G99AW24irKrW56Wt44yG9+ij8FaqoBGkuBXg==",
      "dependencies": [
        "@types/node"
      ]
    },
    "atomic-sleep@1.0.0": {
      "integrity": "sha512-kNOjDqAh7px0XWNI+4QbzoiR/nTkHAWNud2uvnJquD1/x5a7EQZMJT0AczqK0Qn67oY/TTQ1LbUKajZpp3I9tQ=="
    },
    "deepmerge@4.3.1": {
      "integrity": "sha512-3sUqbMEc77XqpdNO7FRyRog+eW3ph+GYCbj+rK+uYyRMuwsVy0rMiVtPn+QJlKFvWP/1PYpapqYn0Me2knFn+A=="
    },
    "dom-serializer@2.0.0": {
      "integrity": "sha512-wIkAryiqt/nV5EQKqQpo3SToSOV9J0DnbJqwK7Wv/Trc92zIAYZ4FlMu+JPFW1DfGFt81ZTCGgDEabffXeLyJg==",
      "dependencies": [
        "domelementtype",
        "domhandler",
        "entities"
      ]
    },
    "domelementtype@2.3.0": {
      "integrity": "sha512-OLETBj6w0OsagBwdXnPdN0cnMfF9opN69co+7ZrbfPGrdpPVNBUj02spi6B1N7wChLQiPn4CSH/zJvXw56gmHw=="
    },
    "domhandler@5.0.3": {
      "integrity": "sha512-cgwlv/1iFQiFnU96XXgROh8xTeetsnJiDsTc7TYCLFd9+/WNkIqPTxiM/8pSd8VIrhXGTf1Ny1q1hquVqDJB5w==",
      "dependencies": [
        "domelementtype"
      ]
    },
    "domutils@3.2.2": {
      "integrity": "sha512-6kZKyUajlDuqlHKVX1w7gyslj9MPIXzIFiz/rGu35uC1wMi+kMhQwGhl4lt9unC9Vb9INnY9Z3/ZA3+FhASLaw==",
      "dependencies": [
        "dom-serializer",
        "domelementtype",
        "domhandler"
      ]
    },
    "entities@4.5.0": {
      "integrity": "sha512-V0hjH4dGPh9Ao5p0MoRY6BVqtwCjhz6vI5LT8AJ55H+4g9/4vbHx1I54fS0XuclLhDHArPQCiMjDxjaL8fPxhw=="
    },
    "escape-string-regexp@4.0.0": {
      "integrity": "sha512-TtpcNJ3XAzx3Gq8sWRzJaVajRs0uVxA2YAkdb1jm2YkPz4G6egUFAyA3n5vtEIZefPk5Wa4UXbKuS5fKkJWdgA=="
    },
    "hono@4.6.14": {
      "integrity": "sha512-j4VkyUp2xazGJ8eCCLN1Vm/bxdvm/j5ZuU9AIjLu9vapn2M44p9L3Ktr9Vnb2RN2QtcR/wVjZVMlT5k7GJQgPw=="
    },
    "htmlparser2@8.0.2": {
      "integrity": "sha512-GYdjWKDkbRLkZ5geuHs5NY1puJ+PXwP7+fHPRz06Eirsb9ugf6d8kkXav6ADhcODhFFPMIXyxkxSuMf3D6NCFA==",
      "dependencies": [
        "domelementtype",
        "domhandler",
        "domutils",
        "entities"
      ]
    },
    "iceberg-js@0.8.1": {
      "integrity": "sha512-1dhVQZXhcHje7798IVM+xoo/1ZdVfzOMIc8/rgVSijRK38EDqOJoGula9N/8ZI5RD8QTxNQtK/Gozpr+qUqRRA=="
    },
    "is-plain-object@5.0.0": {
      "integrity": "sha512-VRSzKkbMm5jMDoKLbltAkFQ5Qr7VDiTFGXxYFXXowVj387GeGNOCsOH6Msy00SGZ3Fp84b1Naa1psqgcCIEP5Q=="
    },
    "mcp-lite@0.8.2": {
      "integrity": "sha512-v78gCsmOI9cGhUsu8xRZ8NEZ6AOFPaAxm4xarP6Dhro3l9HY6Voo43MNuX+CO5oT8gpRfgJ5bMJLTSCFsp+4Kg==",
      "dependencies": [
        "@standard-schema/spec"
      ]
    },
    "nanoid@3.3.11": {
      "integrity": "sha512-N8SpfPUnUp1bK+PMYW8qSWdl9U+wwNWI4QKxOYDy9JAro3WMX7p2OeVRF9v+347pnakNevPmiHhNmZ2HbFA76w==",
      "bin": true
    },
    "on-exit-leak-free@2.1.2": {
      "integrity": "sha512-0eJJY6hXLGf1udHwfNftBqH+g73EU4B504nZeKpz1sYRKafAghwxEJunB2O7rDZkL4PGfsMVnTXZ2EjibbqcsA=="
    },
    "parse-srcset@1.0.2": {
      "integrity": "sha512-/2qh0lav6CmI15FzA3i/2Bzk2zCgQhGMkvhOhKNcBVQ1ldgpbfiNTVslmooUmWJcADi1f1kIeynbDRVzNlfR6Q=="
    },
    "picocolors@1.1.1": {
      "integrity": "sha512-xceH2snhtb5M9liqDsmEw56le376mTZkEX/jEb/RxNFyegNul7eNslCXP9FDj/Lcu0X8KEyMceP2ntpaHrDEVA=="
    },
    "pino-abstract-transport@2.0.0": {
      "integrity": "sha512-F63x5tizV6WCh4R6RHyi2Ml+M70DNRXt/+HANowMflpgGFMAym/VKm6G7ZOQRjqN7XbGxK1Lg9t6ZrtzOaivMw==",
      "dependencies": [
        "split2"
      ]
    },
    "pino-std-serializers@7.0.0": {
      "integrity": "sha512-e906FRY0+tV27iq4juKzSYPbUj2do2X2JX4EzSca1631EB2QJQUqGbDuERal7LCtOpxl6x3+nvo9NPZcmjkiFA=="
    },
    "pino@10.1.0": {
      "integrity": "sha512-0zZC2ygfdqvqK8zJIr1e+wT1T/L+LF6qvqvbzEQ6tiMAoTqEVK9a1K3YRu8HEUvGEvNqZyPJTtb2sNIoTkB83w==",
      "dependencies": [
        "@pinojs/redact",
        "atomic-sleep",
        "on-exit-leak-free",
        "pino-abstract-transport",
        "pino-std-serializers",
        "process-warning",
        "quick-format-unescaped",
        "real-require",
        "safe-stable-stringify",
        "sonic-boom",
        "thread-stream"
      ],
      "bin": true
    },
    "postcss@8.5.6": {
      "integrity": "sha512-3Ybi1tAuwAP9s0r1UQ2J4n5Y0G05bJkpUIO0/bI9MhwmD70S5aTWbXGBwxHrelT+XM1k6dM0pk+SwNkpTRN7Pg==",
      "dependencies": [
        "nanoid",
        "picocolors",
        "source-map-js"
      ]
    },
    "process-warning@5.0.0": {
      "integrity": "sha512-a39t9ApHNx2L4+HBnQKqxxHNs1r7KF+Intd8Q/g1bUh6q0WIp9voPXJ/x0j+ZL45KF1pJd9+q2jLIRMfvEshkA=="
    },
    "quick-format-unescaped@4.0.4": {
      "integrity": "sha512-tYC1Q1hgyRuHgloV/YXs2w15unPVh8qfu/qCTfhTYamaw7fyhumKa2yGpdSo87vY32rIclj+4fWYQXUMs9EHvg=="
    },
    "real-require@0.2.0": {
      "integrity": "sha512-57frrGM/OCTLqLOAh0mhVA9VBMHd+9U7Zb2THMGdBUoZVOtGbJzjxsYGDJ3A9AYYCP4hn6y1TVbaOfzWtm5GFg=="
    },
    "safe-stable-stringify@2.5.0": {
      "integrity": "sha512-b3rppTKm9T+PsVCBEOUR46GWI7fdOs00VKZ1+9c1EWDaDMvjQc6tUwuFyIprgGgTcWoVHSKrU8H31ZHA2e0RHA=="
    },
    "sanitize-html@2.17.0": {
      "integrity": "sha512-dLAADUSS8rBwhaevT12yCezvioCA+bmUTPH/u57xKPT8d++voeYE6HeluA/bPbQ15TwDBG2ii+QZIEmYx8VdxA==",
      "dependencies": [
        "deepmerge",
        "escape-string-regexp",
        "htmlparser2",
        "is-plain-object",
        "parse-srcset",
        "postcss"
      ]
    },
    "sonic-boom@4.2.0": {
      "integrity": "sha512-INb7TM37/mAcsGmc9hyyI6+QR3rR1zVRu36B0NeGXKnOOLiZOfER5SA+N7X7k3yUYRzLWafduTDvJAfDswwEww==",
      "dependencies": [
        "atomic-sleep"
      ]
    },
    "source-map-js@1.2.1": {
      "integrity": "sha512-UXWMKhLOwVKb728IUtQPXxfYU+usdybtUrK/8uGE8CQMvrhOpwvzDBwj0QhSL7MQc7vIsISBG8VQ8+IDQxpfQA=="
    },
    "split2@4.2.0": {
      "integrity": "sha512-UcjcJOWknrNkF6PLX83qcHM6KHgVKNkV62Y8a5uYDVv9ydGQVwAHMKqHdJje1VTWpljG0WYpCDhrCdAOYH4TWg=="
    },
    "thread-stream@3.1.0": {
      "integrity": "sha512-OqyPZ9u96VohAyMfJykzmivOrY2wfMSf3C5TtFJVgN+Hm6aj+voFhlK+kZEIv2FBh1X6Xp3DlnCOfEQ3B2J86A==",
      "dependencies": [
        "real-require"
      ]
    },
    "tslib@2.8.1": {
      "integrity": "sha512-oJFu94HQb+KVduSUQL7wnpmqnfmLsOA/nAh6b6EH0wCEoK0/mPeXU6c3wKDV83MkOuHPRHtSXKKU99IBazS/2w=="
    },
    "undici-types@7.10.0": {
      "integrity": "sha512-t5Fy/nfn+14LuOc2KNYg75vZqClpAiqscVvMygNnlsHBFpSXdJaYtXMcdNLpl/Qvc3P2cB3s6lOV51nqsFq4ag=="
    },
    "ws@8.18.3": {
      "integrity": "sha512-PEIGCY5tSlUt50cqyMXfCzX+oOPqN0vuGqWzbcJ2xvnkzkq46oOpz7dQaTDBdfICb4N14+GARUDw2XV2N4tvzg=="
    },
    "zod-to-json-schema@3.25.0_zod@3.24.1": {
      "integrity": "sha512-HvWtU2UG41LALjajJrML6uQejQhNJx+JBO9IflpSja4R03iNWfKXrj6W2h7ljuLyc1nKS+9yDyL/9tD1U/yBnQ==",
      "dependencies": [
        "zod"
      ]
    },
    "zod@3.24.1": {
      "integrity": "sha512-muH7gBL9sI1nciMZV67X5fTKKBLtwpZ5VBp1vsOQzj1MhrBZ4wlVCm3gedKZWLp0Oyel8sIGfeiz54Su+OVT+A=="
    }
  },
  "workspace": {
    "dependencies": [
      "npm:@supabase/supabase-js@2.86.0",
      "npm:hono@4.6.14",
      "npm:mcp-lite@0.8.2",
      "npm:pino@10.1.0",
      "npm:sanitize-html@2.17.0",
      "npm:zod-to-json-schema@3",
      "npm:zod@3.24.1"
    ]
  }
}
